
Microsoft Visual Studio Solution File, Format Version 12.00
# Visual Studio Version 17
VisualStudioVersion = 17.0.31611.283
MinimumVisualStudioVersion = 10.0.40219.1
Project("{9A19103F-16F7-4668-BE54-9A1E7A4F7556}") = "Stim", "Stim\Stim.csproj", "{88365436-AFDF-4183-B010-C13784779E6B}"
EndProject
Project("{FAE04EC0-301F-11D3-BF4B-00C04F79EFBC}") = "Stim_Model", "Stim_Model\Stim_Model.csproj", "{F9E5DE48-8AF0-4F85-8A78-7639066FD061}"
EndProject
Project("{FAE04EC0-301F-11D3-BF4B-00C04F79EFBC}") = "Console", "Console\Console.csproj", "{D1C5D8F9-A7E8-4D52-9A7E-15373CAD5C08}"
EndProject
Global
	GlobalSection(SolutionConfigurationPlatforms) = preSolution
		Debug|Any CPU = Debug|Any CPU
		Release|Any CPU = Release|Any CPU
	EndGlobalSection
	GlobalSection(ProjectConfigurationPlatforms) = postSolution
		{88365436-AFDF-4183-B010-C13784779E6B}.Debug|Any CPU.ActiveCfg = Debug|Any CPU
		{88365436-AFDF-4183-B010-C13784779E6B}.Debug|Any CPU.Build.0 = Debug|Any CPU
		{88365436-AFDF-4183-B010-C13784779E6B}.Debug|Any CPU.Deploy.0 = Debug|Any CPU
		{88365436-AFDF-4183-B010-C13784779E6B}.Release|Any CPU.ActiveCfg = Release|Any CPU
		{88365436-AFDF-4183-B010-C13784779E6B}.Release|Any CPU.Build.0 = Release|Any CPU
		{88365436-AFDF-4183-B010-C13784779E6B}.Release|Any CPU.Deploy.0 = Release|Any CPU
		{F9E5DE48-8AF0-4F85-8A78-7639066FD061}.Debug|Any CPU.ActiveCfg = Debug|Any CPU
		{F9E5DE48-8AF0-4F85-8A78-7639066FD061}.Debug|Any CPU.Build.0 = Debug|Any CPU
		{F9E5DE48-8AF0-4F85-8A78-7639066FD061}.Release|Any CPU.ActiveCfg = Release|Any CPU
		{F9E5DE48-8AF0-4F85-8A78-7639066FD061}.Release|Any CPU.Build.0 = Release|Any CPU
		{D1C5D8F9-A7E8-4D52-9A7E-15373CAD5C08}.Debug|Any CPU.ActiveCfg = Debug|Any CPU
		{D1C5D8F9-A7E8-4D52-9A7E-15373CAD5C08}.Debug|Any CPU.Build.0 = Debug|Any CPU
		{D1C5D8F9-A7E8-4D52-9A7E-15373CAD5C08}.Release|Any CPU.ActiveCfg = Release|Any CPU
		{D1C5D8F9-A7E8-4D52-9A7E-15373CAD5C08}.Release|Any CPU.Build.0 = Release|Any CPU
	EndGlobalSection
	GlobalSection(SolutionProperties) = preSolution
		HideSolutionNode = FALSE
	EndGlobalSection
	GlobalSection(ExtensibilityGlobals) = postSolution
		SolutionGuid = {61F7FB11-1E47-470C-91E2-47F8143E1572}
	EndGlobalSection
EndGlobal
