
Microsoft Visual Studio Solution File, Format Version 12.00
# Visual Studio Version 17
VisualStudioVersion = 17.5.33424.131
MinimumVisualStudioVersion = 10.0.40219.1
Project("{9A19103F-16F7-4668-BE54-9A1E7A4F7556}") = "Model", "Stim.Model\Model.csproj", "{E56E9419-1E68-4C13-9301-54C4630D7A43}"
EndProject
Project("{9A19103F-16F7-4668-BE54-9A1E7A4F7556}") = "Test", "TestProject1\Test.csproj", "{DEF64C4E-BF42-4CDA-BE95-62DD8B01365C}"
EndProject
Project("{FAE04EC0-301F-11D3-BF4B-00C04F79EFBC}") = "Stub", "Stub\Stub.csproj", "{F3F045E9-592B-49ED-83F9-45785DAB70AD}"
EndProject
Project("{FAE04EC0-301F-11D3-BF4B-00C04F79EFBC}") = "Persistance", "Persistance\Persistance.csproj", "{2032B0CB-26ED-44DA-B98A-8D1240F0C25E}"
EndProject
Project("{FAE04EC0-301F-11D3-BF4B-00C04F79EFBC}") = "AppConsole", "AppConsole\AppConsole.csproj", "{F3E11E16-0FA8-49AC-9BA8-58E9A7270C40}"
EndProject
Global
	GlobalSection(SolutionConfigurationPlatforms) = preSolution
		Debug|Any CPU = Debug|Any CPU
		Release|Any CPU = Release|Any CPU
	EndGlobalSection
	GlobalSection(ProjectConfigurationPlatforms) = postSolution
		{E56E9419-1E68-4C13-9301-54C4630D7A43}.Debug|Any CPU.ActiveCfg = Debug|Any CPU
		{E56E9419-1E68-4C13-9301-54C4630D7A43}.Debug|Any CPU.Build.0 = Debug|Any CPU
		{E56E9419-1E68-4C13-9301-54C4630D7A43}.Release|Any CPU.ActiveCfg = Release|Any CPU
		{E56E9419-1E68-4C13-9301-54C4630D7A43}.Release|Any CPU.Build.0 = Release|Any CPU
		{DEF64C4E-BF42-4CDA-BE95-62DD8B01365C}.Debug|Any CPU.ActiveCfg = Debug|Any CPU
		{DEF64C4E-BF42-4CDA-BE95-62DD8B01365C}.Debug|Any CPU.Build.0 = Debug|Any CPU
		{DEF64C4E-BF42-4CDA-BE95-62DD8B01365C}.Release|Any CPU.ActiveCfg = Release|Any CPU
		{DEF64C4E-BF42-4CDA-BE95-62DD8B01365C}.Release|Any CPU.Build.0 = Release|Any CPU
		{F3F045E9-592B-49ED-83F9-45785DAB70AD}.Debug|Any CPU.ActiveCfg = Debug|Any CPU
		{F3F045E9-592B-49ED-83F9-45785DAB70AD}.Debug|Any CPU.Build.0 = Debug|Any CPU
		{F3F045E9-592B-49ED-83F9-45785DAB70AD}.Release|Any CPU.ActiveCfg = Release|Any CPU
		{F3F045E9-592B-49ED-83F9-45785DAB70AD}.Release|Any CPU.Build.0 = Release|Any CPU
		{2032B0CB-26ED-44DA-B98A-8D1240F0C25E}.Debug|Any CPU.ActiveCfg = Debug|Any CPU
		{2032B0CB-26ED-44DA-B98A-8D1240F0C25E}.Debug|Any CPU.Build.0 = Debug|Any CPU
		{2032B0CB-26ED-44DA-B98A-8D1240F0C25E}.Release|Any CPU.ActiveCfg = Release|Any CPU
		{2032B0CB-26ED-44DA-B98A-8D1240F0C25E}.Release|Any CPU.Build.0 = Release|Any CPU
		{F3E11E16-0FA8-49AC-9BA8-58E9A7270C40}.Debug|Any CPU.ActiveCfg = Debug|Any CPU
		{F3E11E16-0FA8-49AC-9BA8-58E9A7270C40}.Debug|Any CPU.Build.0 = Debug|Any CPU
		{F3E11E16-0FA8-49AC-9BA8-58E9A7270C40}.Release|Any CPU.ActiveCfg = Release|Any CPU
		{F3E11E16-0FA8-49AC-9BA8-58E9A7270C40}.Release|Any CPU.Build.0 = Release|Any CPU
	EndGlobalSection
	GlobalSection(SolutionProperties) = preSolution
		HideSolutionNode = FALSE
	EndGlobalSection
	GlobalSection(ExtensibilityGlobals) = postSolution
		SolutionGuid = {5D28C76C-B599-49C7-8CC2-30F448740700}
	EndGlobalSection
EndGlobal
